
Microsoft Visual Studio Solution File, Format Version 12.00
# Visual Studio Version 17
VisualStudioVersion = 17.1.32421.90
MinimumVisualStudioVersion = 10.0.40219.1
Project("{FAE04EC0-301F-11D3-BF4B-00C04F79EFBC}") = "RecipeProcessing", "RecipeProcessing\RecipeProcessing.csproj", "{0048AB48-8A34-4B7F-B363-4391F1613A91}"
EndProject
Project("{FAE04EC0-301F-11D3-BF4B-00C04F79EFBC}") = "RecipeFunctionApp", "RecipeFunctionApp\RecipeFunctionApp.csproj", "{0FF22DBD-DDC2-4615-8261-73E8F76B8BA4}"
EndProject
Global
	GlobalSection(SolutionConfigurationPlatforms) = preSolution
		Debug|Any CPU = Debug|Any CPU
		Release|Any CPU = Release|Any CPU
	EndGlobalSection
	GlobalSection(ProjectConfigurationPlatforms) = postSolution
		{0048AB48-8A34-4B7F-B363-4391F1613A91}.Debug|Any CPU.ActiveCfg = Debug|Any CPU
		{0048AB48-8A34-4B7F-B363-4391F1613A91}.Debug|Any CPU.Build.0 = Debug|Any CPU
		{0048AB48-8A34-4B7F-B363-4391F1613A91}.Release|Any CPU.ActiveCfg = Release|Any CPU
		{0048AB48-8A34-4B7F-B363-4391F1613A91}.Release|Any CPU.Build.0 = Release|Any CPU
		{0FF22DBD-DDC2-4615-8261-73E8F76B8BA4}.Debug|Any CPU.ActiveCfg = Debug|Any CPU
		{0FF22DBD-DDC2-4615-8261-73E8F76B8BA4}.Debug|Any CPU.Build.0 = Debug|Any CPU
		{0FF22DBD-DDC2-4615-8261-73E8F76B8BA4}.Release|Any CPU.ActiveCfg = Release|Any CPU
		{0FF22DBD-DDC2-4615-8261-73E8F76B8BA4}.Release|Any CPU.Build.0 = Release|Any CPU
	EndGlobalSection
	GlobalSection(SolutionProperties) = preSolution
		HideSolutionNode = FALSE
	EndGlobalSection
	GlobalSection(ExtensibilityGlobals) = postSolution
		SolutionGuid = {926CD849-D61A-4EE1-8CB7-836A1572F15C}
	EndGlobalSection
EndGlobal
